
Microsoft Visual Studio Solution File, Format Version 12.00
# Visual Studio Version 17
VisualStudioVersion = 17.4.33015.44
MinimumVisualStudioVersion = 10.0.40219.1
Project("{9A19103F-16F7-4668-BE54-9A1E7A4F7556}") = "colormaster", "colorr-master\colorr-master.csproj", "{806909E3-F175-4F71-85F1-4FFF73F9F84E}"
EndProject
Global
	GlobalSection(SolutionConfigurationPlatforms) = preSolution
		Debug|Any CPU = Debug|Any CPU
		Release|Any CPU = Release|Any CPU
	EndGlobalSection
	GlobalSection(ProjectConfigurationPlatforms) = postSolution
		{806909E3-F175-4F71-85F1-4FFF73F9F84E}.Debug|Any CPU.ActiveCfg = Debug|Any CPU
		{806909E3-F175-4F71-85F1-4FFF73F9F84E}.Debug|Any CPU.Build.0 = Debug|Any CPU
		{806909E3-F175-4F71-85F1-4FFF73F9F84E}.Release|Any CPU.ActiveCfg = Release|Any CPU
		{806909E3-F175-4F71-85F1-4FFF73F9F84E}.Release|Any CPU.Build.0 = Release|Any CPU
	EndGlobalSection
	GlobalSection(SolutionProperties) = preSolution
		HideSolutionNode = FALSE
	EndGlobalSection
	GlobalSection(ExtensibilityGlobals) = postSolution
		SolutionGuid = {749CA613-4788-47EF-AB71-1DE5C828EFFA}
	EndGlobalSection
EndGlobal
